
Microsoft Visual Studio Solution File, Format Version 12.00
# Visual Studio Version 17
VisualStudioVersion = 17.9.34701.34
MinimumVisualStudioVersion = 10.0.40219.1
Project("{FAE04EC0-301F-11D3-BF4B-00C04F79EFBC}") = "project depi", "project depi\project depi.csproj", "{BAA4C894-392A-412C-8451-520E2E7A2C22}"
EndProject
Global
	GlobalSection(SolutionConfigurationPlatforms) = preSolution
		Debug|Any CPU = Debug|Any CPU
		Release|Any CPU = Release|Any CPU
	EndGlobalSection
	GlobalSection(ProjectConfigurationPlatforms) = postSolution
		{BAA4C894-392A-412C-8451-520E2E7A2C22}.Debug|Any CPU.ActiveCfg = Debug|Any CPU
		{BAA4C894-392A-412C-8451-520E2E7A2C22}.Debug|Any CPU.Build.0 = Debug|Any CPU
		{BAA4C894-392A-412C-8451-520E2E7A2C22}.Release|Any CPU.ActiveCfg = Release|Any CPU
		{BAA4C894-392A-412C-8451-520E2E7A2C22}.Release|Any CPU.Build.0 = Release|Any CPU
	EndGlobalSection
	GlobalSection(SolutionProperties) = preSolution
		HideSolutionNode = FALSE
	EndGlobalSection
	GlobalSection(ExtensibilityGlobals) = postSolution
		SolutionGuid = {B980FA14-B28B-4354-8361-008BDB6DD043}
	EndGlobalSection
EndGlobal
